<?xml version="1.0" encoding="utf-8"?>
<Project ToolsVersion="4.0" xmlns="http://schemas.microsoft.com/developer/msbuild/2003">
  <ItemGroup>
    <Filter Include="Flora">
      <UniqueIdentifier>{99D32E0D-05E8-56BE-CE69-FA1D3A3D53EF}</UniqueIdentifier>
    </Filter>
    <Filter Include="Flora\Events">
      <UniqueIdentifier>{5D59B1EE-49BC-4093-F241-7949DE830C16}</UniqueIdentifier>
    </Filter>
    <Filter Include="Flora\ImGui">
      <UniqueIdentifier>{83D7576C-EF8C-D061-7881-CA38E435C765}</UniqueIdentifier>
    </Filter>
    <Filter Include="Platform">
      <UniqueIdentifier>{2AC788B4-1694-E3BF-3FAD-D1672BD9184E}</UniqueIdentifier>
    </Filter>
    <Filter Include="Platform\OpenGL">
      <UniqueIdentifier>{1E7D2C1D-8A08-9AE1-9319-1DD6FF23F6E1}</UniqueIdentifier>
    </Filter>
    <Filter Include="Platform\Windows">
      <UniqueIdentifier>{64FBD71A-50F4-F66C-7926-DCF1657ED678}</UniqueIdentifier>
    </Filter>
  </ItemGroup>
  <ItemGroup>
    <ClInclude Include="src\Flora.h" />
    <ClInclude Include="src\Flora\Application.h">
      <Filter>Flora</Filter>
    </ClInclude>
    <ClInclude Include="src\Flora\Core.h">
      <Filter>Flora</Filter>
    </ClInclude>
    <ClInclude Include="src\Flora\EntryPoint.h">
      <Filter>Flora</Filter>
    </ClInclude>
    <ClInclude Include="src\Flora\Events\ApplicationEvent.h">
      <Filter>Flora\Events</Filter>
    </ClInclude>
    <ClInclude Include="src\Flora\Events\Event.h">
      <Filter>Flora\Events</Filter>
    </ClInclude>
    <ClInclude Include="src\Flora\Events\KeyEvent.h">
      <Filter>Flora\Events</Filter>
    </ClInclude>
    <ClInclude Include="src\Flora\Events\MouseEvent.h">
      <Filter>Flora\Events</Filter>
    </ClInclude>
    <ClInclude Include="src\Flora\ImGui\ImGuiLayer.h">
      <Filter>Flora\ImGui</Filter>
    </ClInclude>
    <ClInclude Include="src\Flora\Layer.h">
      <Filter>Flora</Filter>
    </ClInclude>
    <ClInclude Include="src\Flora\LayerStack.h">
      <Filter>Flora</Filter>
    </ClInclude>
    <ClInclude Include="src\Flora\Log.h">
      <Filter>Flora</Filter>
    </ClInclude>
    <ClInclude Include="src\Flora\Window.h">
      <Filter>Flora</Filter>
    </ClInclude>
    <ClInclude Include="src\Platform\OpenGL\ImGuiOpenGLRenderer.h">
      <Filter>Platform\OpenGL</Filter>
    </ClInclude>
    <ClInclude Include="src\Platform\Windows\WindowsWindow.h">
      <Filter>Platform\Windows</Filter>
    </ClInclude>
    <ClInclude Include="src\flpch.h" />
    <ClInclude Include="src\Flora\Input.h" />
    <ClInclude Include="src\Platform\Windows\WindowsInput.h" />
  </ItemGroup>
  <ItemGroup>
    <ClCompile Include="src\Flora\Application.cpp">
      <Filter>Flora</Filter>
    </ClCompile>
    <ClCompile Include="src\Flora\ImGui\ImGuiLayer.cpp">
      <Filter>Flora\ImGui</Filter>
    </ClCompile>
    <ClCompile Include="src\Flora\Layer.cpp">
      <Filter>Flora</Filter>
    </ClCompile>
    <ClCompile Include="src\Flora\LayerStack.cpp">
      <Filter>Flora</Filter>
    </ClCompile>
    <ClCompile Include="src\Flora\Log.cpp">
      <Filter>Flora</Filter>
    </ClCompile>
    <ClCompile Include="src\Platform\OpenGL\ImGuiOpenGLRenderer.cpp">
      <Filter>Platform\OpenGL</Filter>
    </ClCompile>
    <ClCompile Include="src\Platform\Windows\WindowsWindow.cpp">
      <Filter>Platform\Windows</Filter>
    </ClCompile>
    <ClCompile Include="src\flpch.cpp" />
    <ClCompile Include="src\Platform\Windows\WindowsInput.cpp" />
  </ItemGroup>
</Project>