
Microsoft Visual Studio Solution File, Format Version 12.00
# Visual Studio Version 16
VisualStudioVersion = 16.0.32126.315
MinimumVisualStudioVersion = 10.0.40219.1
Project("{8BC9CEB8-8B4A-11D0-8D11-00A0C91BC942}") = "Sandbox", "Sandbox\Sandbox.vcxproj", "{D9664762-7FE4-4540-AA7C-0EF9ACD77440}"
EndProject
Project("{8BC9CEB8-8B4A-11D0-8D11-00A0C91BC942}") = "Flora", "Flora\Flora.vcxproj", "{88B47DC1-BF83-4A49-B1DA-74393114492E}"
EndProject
Global
	GlobalSection(SolutionConfigurationPlatforms) = preSolution
		Debug|x64 = Debug|x64
		Release|x64 = Release|x64
	EndGlobalSection
	GlobalSection(ProjectConfigurationPlatforms) = postSolution
		{88B47DC1-BF83-4A49-B1DA-74393114492E}.Debug|x64.ActiveCfg = Debug|x64
		{88B47DC1-BF83-4A49-B1DA-74393114492E}.Debug|x64.Build.0 = Debug|x64
		{88B47DC1-BF83-4A49-B1DA-74393114492E}.Release|x64.ActiveCfg = Release|x64
		{88B47DC1-BF83-4A49-B1DA-74393114492E}.Release|x64.Build.0 = Release|x64
		{D9664762-7FE4-4540-AA7C-0EF9ACD77440}.Debug|x64.ActiveCfg = Debug|x64
		{D9664762-7FE4-4540-AA7C-0EF9ACD77440}.Debug|x64.Build.0 = Debug|x64
		{D9664762-7FE4-4540-AA7C-0EF9ACD77440}.Release|x64.ActiveCfg = Release|x64
		{D9664762-7FE4-4540-AA7C-0EF9ACD77440}.Release|x64.Build.0 = Release|x64
	EndGlobalSection
	GlobalSection(SolutionProperties) = preSolution
		HideSolutionNode = FALSE
	EndGlobalSection
	GlobalSection(ExtensibilityGlobals) = postSolution
		SolutionGuid = {E87937AF-3453-421F-B1AE-616CCAE9F36E}
	EndGlobalSection
EndGlobal
